{
  "object": {
    "pins": [
      {
        "package": "unstandard",
        "repositoryURL": "https://github.com/christopherweems/unstandard.git",
        "state": {
          "branch": "5.3",
          "revision": "33c7f08c786ed679054ea09d8075b5e174d9a45e",
          "version": null
        }
      }
    ]
  },
  "version": 1
}
