{
  "object": {
    "pins": [
      {
        "package": "unstandard",
        "repositoryURL": "https://github.com/christopherweems/unstandard.git",
        "state": {
          "branch": "main",
          "revision": "531da261df7662234677fe7bf719c9fc957a8839",
          "version": null
        }
      }
    ]
  },
  "version": 1
}
